// !$*UTF8*$!
{
	archiveVersion = 1;
	classes = {
	};
	objectVersion = 48;
	objects = {

/* Begin PBXBuildFile section */
		E6C6131BE87F9DFC9903BD54 /* Pods_Boozemeter.framework in Frameworks */ = {isa = PBXBuildFile; fileRef = 3BD1C1A14A78C066157795BA /* Pods_Boozemeter.framework */; };
		E779D7BD1FADBBCA00C786EE /* AppDelegate.swift in Sources */ = {isa = PBXBuildFile; fileRef = E779D7BC1FADBBCA00C786EE /* AppDelegate.swift */; };
		E779D7BF1FADBBCA00C786EE /* ViewController.swift in Sources */ = {isa = PBXBuildFile; fileRef = E779D7BE1FADBBCA00C786EE /* ViewController.swift */; };
		E779D7C21FADBBCA00C786EE /* Main.storyboard in Resources */ = {isa = PBXBuildFile; fileRef = E779D7C01FADBBCA00C786EE /* Main.storyboard */; };
		E779D7C41FADBBCA00C786EE /* Assets.xcassets in Resources */ = {isa = PBXBuildFile; fileRef = E779D7C31FADBBCA00C786EE /* Assets.xcassets */; };
		E779D7C71FADBBCA00C786EE /* LaunchScreen.storyboard in Resources */ = {isa = PBXBuildFile; fileRef = E779D7C51FADBBCA00C786EE /* LaunchScreen.storyboard */; };
		E779D7D01FADCE7100C786EE /* Constants.swift in Sources */ = {isa = PBXBuildFile; fileRef = E779D7CF1FADCE7100C786EE /* Constants.swift */; };
		E78FE8821FADF363006C200F /* LocalAuthService.swift in Sources */ = {isa = PBXBuildFile; fileRef = E78FE8811FADF363006C200F /* LocalAuthService.swift */; };
		E78FE8841FADF6CB006C200F /* AlertManager.swift in Sources */ = {isa = PBXBuildFile; fileRef = E78FE8831FADF6CB006C200F /* AlertManager.swift */; };
/* End PBXBuildFile section */

/* Begin PBXFileReference section */
		3BD1C1A14A78C066157795BA /* Pods_Boozemeter.framework */ = {isa = PBXFileReference; explicitFileType = wrapper.framework; includeInIndex = 0; path = Pods_Boozemeter.framework; sourceTree = BUILT_PRODUCTS_DIR; };
		76EA279798E2FAA8AED2D3C7 /* Pods-Boozemeter.release.xcconfig */ = {isa = PBXFileReference; includeInIndex = 1; lastKnownFileType = text.xcconfig; name = "Pods-Boozemeter.release.xcconfig"; path = "Pods/Target Support Files/Pods-Boozemeter/Pods-Boozemeter.release.xcconfig"; sourceTree = "<group>"; };
		E779D7B91FADBBCA00C786EE /* Boozemeter.app */ = {isa = PBXFileReference; explicitFileType = wrapper.application; includeInIndex = 0; path = Boozemeter.app; sourceTree = BUILT_PRODUCTS_DIR; };
		E779D7BC1FADBBCA00C786EE /* AppDelegate.swift */ = {isa = PBXFileReference; lastKnownFileType = sourcecode.swift; path = AppDelegate.swift; sourceTree = "<group>"; };
		E779D7BE1FADBBCA00C786EE /* ViewController.swift */ = {isa = PBXFileReference; lastKnownFileType = sourcecode.swift; path = ViewController.swift; sourceTree = "<group>"; };
		E779D7C11FADBBCA00C786EE /* Base */ = {isa = PBXFileReference; lastKnownFileType = file.storyboard; name = Base; path = Base.lproj/Main.storyboard; sourceTree = "<group>"; };
		E779D7C31FADBBCA00C786EE /* Assets.xcassets */ = {isa = PBXFileReference; lastKnownFileType = folder.assetcatalog; path = Assets.xcassets; sourceTree = "<group>"; };
		E779D7C61FADBBCA00C786EE /* Base */ = {isa = PBXFileReference; lastKnownFileType = file.storyboard; name = Base; path = Base.lproj/LaunchScreen.storyboard; sourceTree = "<group>"; };
		E779D7C81FADBBCA00C786EE /* Info.plist */ = {isa = PBXFileReference; lastKnownFileType = text.plist.xml; path = Info.plist; sourceTree = "<group>"; };
		E779D7CF1FADCE7100C786EE /* Constants.swift */ = {isa = PBXFileReference; lastKnownFileType = sourcecode.swift; path = Constants.swift; sourceTree = "<group>"; };
		E78FE8811FADF363006C200F /* LocalAuthService.swift */ = {isa = PBXFileReference; lastKnownFileType = sourcecode.swift; path = LocalAuthService.swift; sourceTree = "<group>"; };
		E78FE8831FADF6CB006C200F /* AlertManager.swift */ = {isa = PBXFileReference; fileEncoding = 4; lastKnownFileType = sourcecode.swift; path = AlertManager.swift; sourceTree = "<group>"; };
		F915EFDBAC19EDFC2E2E2CC1 /* Pods-Boozemeter.debug.xcconfig */ = {isa = PBXFileReference; includeInIndex = 1; lastKnownFileType = text.xcconfig; name = "Pods-Boozemeter.debug.xcconfig"; path = "Pods/Target Support Files/Pods-Boozemeter/Pods-Boozemeter.debug.xcconfig"; sourceTree = "<group>"; };
/* End PBXFileReference section */

/* Begin PBXFrameworksBuildPhase section */
		E779D7B61FADBBCA00C786EE /* Frameworks */ = {
			isa = PBXFrameworksBuildPhase;
			buildActionMask = 2147483647;
			files = (
				E6C6131BE87F9DFC9903BD54 /* Pods_Boozemeter.framework in Frameworks */,
			);
			runOnlyForDeploymentPostprocessing = 0;
		};
/* End PBXFrameworksBuildPhase section */

/* Begin PBXGroup section */
		04A7F574FA6024A398531FF8 /* Frameworks */ = {
			isa = PBXGroup;
			children = (
				3BD1C1A14A78C066157795BA /* Pods_Boozemeter.framework */,
			);
			name = Frameworks;
			sourceTree = "<group>";
		};
		0E828AB21801C27A26D049D6 /* Pods */ = {
			isa = PBXGroup;
			children = (
				F915EFDBAC19EDFC2E2E2CC1 /* Pods-Boozemeter.debug.xcconfig */,
				76EA279798E2FAA8AED2D3C7 /* Pods-Boozemeter.release.xcconfig */,
			);
			name = Pods;
			sourceTree = "<group>";
		};
		E779D7B01FADBBCA00C786EE = {
			isa = PBXGroup;
			children = (
				E779D7BB1FADBBCA00C786EE /* Boozemeter */,
				E779D7BA1FADBBCA00C786EE /* Products */,
				0E828AB21801C27A26D049D6 /* Pods */,
				04A7F574FA6024A398531FF8 /* Frameworks */,
			);
			sourceTree = "<group>";
		};
		E779D7BA1FADBBCA00C786EE /* Products */ = {
			isa = PBXGroup;
			children = (
				E779D7B91FADBBCA00C786EE /* Boozemeter.app */,
			);
			name = Products;
			sourceTree = "<group>";
		};
		E779D7BB1FADBBCA00C786EE /* Boozemeter */ = {
			isa = PBXGroup;
			children = (
				E78FE8801FADF345006C200F /* Services */,
				E779D7CE1FADCE6600C786EE /* Library */,
				E779D7BC1FADBBCA00C786EE /* AppDelegate.swift */,
				E779D7BE1FADBBCA00C786EE /* ViewController.swift */,
				E779D7C01FADBBCA00C786EE /* Main.storyboard */,
				E779D7C31FADBBCA00C786EE /* Assets.xcassets */,
				E779D7C51FADBBCA00C786EE /* LaunchScreen.storyboard */,
				E779D7C81FADBBCA00C786EE /* Info.plist */,
			);
			path = Boozemeter;
			sourceTree = "<group>";
		};
		E779D7CE1FADCE6600C786EE /* Library */ = {
			isa = PBXGroup;
			children = (
				E779D7CF1FADCE7100C786EE /* Constants.swift */,
			);
			path = Library;
			sourceTree = "<group>";
		};
		E78FE8801FADF345006C200F /* Services */ = {
			isa = PBXGroup;
			children = (
				E78FE8831FADF6CB006C200F /* AlertManager.swift */,
				E78FE8811FADF363006C200F /* LocalAuthService.swift */,
			);
			path = Services;
			sourceTree = "<group>";
		};
/* End PBXGroup section */

/* Begin PBXNativeTarget section */
		E779D7B81FADBBCA00C786EE /* Boozemeter */ = {
			isa = PBXNativeTarget;
			buildConfigurationList = E779D7CB1FADBBCA00C786EE /* Build configuration list for PBXNativeTarget "Boozemeter" */;
			buildPhases = (
				00933D76D6DE9C89E91B84ED /* [CP] Check Pods Manifest.lock */,
				E779D7B51FADBBCA00C786EE /* Sources */,
				E779D7B61FADBBCA00C786EE /* Frameworks */,
				E779D7B71FADBBCA00C786EE /* Resources */,
				376E2DF01046666B2AA0E177 /* [CP] Embed Pods Frameworks */,
				6FF9214A446FEC91A57EBEAE /* [CP] Copy Pods Resources */,
			);
			buildRules = (
			);
			dependencies = (
			);
			name = Boozemeter;
			productName = Boozemeter;
			productReference = E779D7B91FADBBCA00C786EE /* Boozemeter.app */;
			productType = "com.apple.product-type.application";
		};
/* End PBXNativeTarget section */

/* Begin PBXProject section */
		E779D7B11FADBBCA00C786EE /* Project object */ = {
			isa = PBXProject;
			attributes = {
				LastSwiftUpdateCheck = 0910;
				LastUpgradeCheck = 0910;
				ORGANIZATIONNAME = NoblesTeam;
				TargetAttributes = {
					E779D7B81FADBBCA00C786EE = {
						CreatedOnToolsVersion = 9.1;
						ProvisioningStyle = Automatic;
					};
				};
			};
			buildConfigurationList = E779D7B41FADBBCA00C786EE /* Build configuration list for PBXProject "Boozemeter" */;
			compatibilityVersion = "Xcode 8.0";
			developmentRegion = en;
			hasScannedForEncodings = 0;
			knownRegions = (
				en,
				Base,
			);
			mainGroup = E779D7B01FADBBCA00C786EE;
			productRefGroup = E779D7BA1FADBBCA00C786EE /* Products */;
			projectDirPath = "";
			projectRoot = "";
			targets = (
				E779D7B81FADBBCA00C786EE /* Boozemeter */,
			);
		};
/* End PBXProject section */

/* Begin PBXResourcesBuildPhase section */
		E779D7B71FADBBCA00C786EE /* Resources */ = {
			isa = PBXResourcesBuildPhase;
			buildActionMask = 2147483647;
			files = (
				E779D7C71FADBBCA00C786EE /* LaunchScreen.storyboard in Resources */,
				E779D7C41FADBBCA00C786EE /* Assets.xcassets in Resources */,
				E779D7C21FADBBCA00C786EE /* Main.storyboard in Resources */,
			);
			runOnlyForDeploymentPostprocessing = 0;
		};
/* End PBXResourcesBuildPhase section */

/* Begin PBXShellScriptBuildPhase section */
		00933D76D6DE9C89E91B84ED /* [CP] Check Pods Manifest.lock */ = {
			isa = PBXShellScriptBuildPhase;
			buildActionMask = 2147483647;
			files = (
			);
			inputPaths = (
				"${PODS_PODFILE_DIR_PATH}/Podfile.lock",
				"${PODS_ROOT}/Manifest.lock",
			);
			name = "[CP] Check Pods Manifest.lock";
			outputPaths = (
				"$(DERIVED_FILE_DIR)/Pods-Boozemeter-checkManifestLockResult.txt",
			);
			runOnlyForDeploymentPostprocessing = 0;
			shellPath = /bin/sh;
			shellScript = "diff \"${PODS_PODFILE_DIR_PATH}/Podfile.lock\" \"${PODS_ROOT}/Manifest.lock\" > /dev/null\nif [ $? != 0 ] ; then\n    # print error to STDERR\n    echo \"error: The sandbox is not in sync with the Podfile.lock. Run 'pod install' or update your CocoaPods installation.\" >&2\n    exit 1\nfi\n# This output is used by Xcode 'outputs' to avoid re-running this script phase.\necho \"SUCCESS\" > \"${SCRIPT_OUTPUT_FILE_0}\"\n";
			showEnvVarsInLog = 0;
		};
		376E2DF01046666B2AA0E177 /* [CP] Embed Pods Frameworks */ = {
			isa = PBXShellScriptBuildPhase;
			buildActionMask = 2147483647;
			files = (
			);
			inputPaths = (
				"${SRCROOT}/Pods/Target Support Files/Pods-Boozemeter/Pods-Boozemeter-frameworks.sh",
				"${BUILT_PRODUCTS_DIR}/Bolts/Bolts.framework",
				"${BUILT_PRODUCTS_DIR}/FBSDKCoreKit/FBSDKCoreKit.framework",
				"${BUILT_PRODUCTS_DIR}/FBSDKShareKit/FBSDKShareKit.framework",
			);
			name = "[CP] Embed Pods Frameworks";
			outputPaths = (
				"${TARGET_BUILD_DIR}/${FRAMEWORKS_FOLDER_PATH}/Bolts.framework",
				"${TARGET_BUILD_DIR}/${FRAMEWORKS_FOLDER_PATH}/FBSDKCoreKit.framework",
				"${TARGET_BUILD_DIR}/${FRAMEWORKS_FOLDER_PATH}/FBSDKShareKit.framework",
			);
			runOnlyForDeploymentPostprocessing = 0;
			shellPath = /bin/sh;
			shellScript = "\"${SRCROOT}/Pods/Target Support Files/Pods-Boozemeter/Pods-Boozemeter-frameworks.sh\"\n";
			showEnvVarsInLog = 0;
		};
		6FF9214A446FEC91A57EBEAE /* [CP] Copy Pods Resources */ = {
			isa = PBXShellScriptBuildPhase;
			buildActionMask = 2147483647;
			files = (
			);
			inputPaths = (
				"${SRCROOT}/Pods/Target Support Files/Pods-Boozemeter/Pods-Boozemeter-resources.sh",
				"${PODS_ROOT}/TwitterKit/iOS/TwitterKit.framework/TwitterKitResources.bundle",
				"${PODS_ROOT}/TwitterKit/iOS/TwitterKit.framework/TwitterShareExtensionUIResources.bundle",
			);
			name = "[CP] Copy Pods Resources";
			outputPaths = (
				"${TARGET_BUILD_DIR}/${UNLOCALIZED_RESOURCES_FOLDER_PATH}",
			);
			runOnlyForDeploymentPostprocessing = 0;
			shellPath = /bin/sh;
			shellScript = "\"${SRCROOT}/Pods/Target Support Files/Pods-Boozemeter/Pods-Boozemeter-resources.sh\"\n";
			showEnvVarsInLog = 0;
		};
/* End PBXShellScriptBuildPhase section */

/* Begin PBXSourcesBuildPhase section */
		E779D7B51FADBBCA00C786EE /* Sources */ = {
			isa = PBXSourcesBuildPhase;
			buildActionMask = 2147483647;
			files = (
				E78FE8821FADF363006C200F /* LocalAuthService.swift in Sources */,
				E779D7BF1FADBBCA00C786EE /* ViewController.swift in Sources */,
				E78FE8841FADF6CB006C200F /* AlertManager.swift in Sources */,
				E779D7BD1FADBBCA00C786EE /* AppDelegate.swift in Sources */,
				E779D7D01FADCE7100C786EE /* Constants.swift in Sources */,
			);
			runOnlyForDeploymentPostprocessing = 0;
		};
/* End PBXSourcesBuildPhase section */

/* Begin PBXVariantGroup section */
		E779D7C01FADBBCA00C786EE /* Main.storyboard */ = {
			isa = PBXVariantGroup;
			children = (
				E779D7C11FADBBCA00C786EE /* Base */,
			);
			name = Main.storyboard;
			sourceTree = "<group>";
		};
		E779D7C51FADBBCA00C786EE /* LaunchScreen.storyboard */ = {
			isa = PBXVariantGroup;
			children = (
				E779D7C61FADBBCA00C786EE /* Base */,
			);
			name = LaunchScreen.storyboard;
			sourceTree = "<group>";
		};
/* End PBXVariantGroup section */

/* Begin XCBuildConfiguration section */
		E779D7C91FADBBCA00C786EE /* Debug */ = {
			isa = XCBuildConfiguration;
			buildSettings = {
				ALWAYS_SEARCH_USER_PATHS = NO;
				CLANG_ANALYZER_NONNULL = YES;
				CLANG_ANALYZER_NUMBER_OBJECT_CONVERSION = YES_AGGRESSIVE;
				CLANG_CXX_LANGUAGE_STANDARD = "gnu++14";
				CLANG_CXX_LIBRARY = "libc++";
				CLANG_ENABLE_MODULES = YES;
				CLANG_ENABLE_OBJC_ARC = YES;
				CLANG_WARN_BLOCK_CAPTURE_AUTORELEASING = YES;
				CLANG_WARN_BOOL_CONVERSION = YES;
				CLANG_WARN_COMMA = YES;
				CLANG_WARN_CONSTANT_CONVERSION = YES;
				CLANG_WARN_DIRECT_OBJC_ISA_USAGE = YES_ERROR;
				CLANG_WARN_DOCUMENTATION_COMMENTS = YES;
				CLANG_WARN_EMPTY_BODY = YES;
				CLANG_WARN_ENUM_CONVERSION = YES;
				CLANG_WARN_INFINITE_RECURSION = YES;
				CLANG_WARN_INT_CONVERSION = YES;
				CLANG_WARN_NON_LITERAL_NULL_CONVERSION = YES;
				CLANG_WARN_OBJC_LITERAL_CONVERSION = YES;
				CLANG_WARN_OBJC_ROOT_CLASS = YES_ERROR;
				CLANG_WARN_RANGE_LOOP_ANALYSIS = YES;
				CLANG_WARN_STRICT_PROTOTYPES = YES;
				CLANG_WARN_SUSPICIOUS_MOVE = YES;
				CLANG_WARN_UNGUARDED_AVAILABILITY = YES_AGGRESSIVE;
				CLANG_WARN_UNREACHABLE_CODE = YES;
				CLANG_WARN__DUPLICATE_METHOD_MATCH = YES;
				CODE_SIGN_IDENTITY = "iPhone Developer";
				COPY_PHASE_STRIP = NO;
				DEBUG_INFORMATION_FORMAT = dwarf;
				ENABLE_STRICT_OBJC_MSGSEND = YES;
				ENABLE_TESTABILITY = YES;
				GCC_C_LANGUAGE_STANDARD = gnu11;
				GCC_DYNAMIC_NO_PIC = NO;
				GCC_NO_COMMON_BLOCKS = YES;
				GCC_OPTIMIZATION_LEVEL = 0;
				GCC_PREPROCESSOR_DEFINITIONS = (
					"DEBUG=1",
					"$(inherited)",
				);
				GCC_WARN_64_TO_32_BIT_CONVERSION = YES;
				GCC_WARN_ABOUT_RETURN_TYPE = YES_ERROR;
				GCC_WARN_UNDECLARED_SELECTOR = YES;
				GCC_WARN_UNINITIALIZED_AUTOS = YES_AGGRESSIVE;
				GCC_WARN_UNUSED_FUNCTION = YES;
				GCC_WARN_UNUSED_VARIABLE = YES;
				IPHONEOS_DEPLOYMENT_TARGET = 11.1;
				MTL_ENABLE_DEBUG_INFO = YES;
				ONLY_ACTIVE_ARCH = YES;
				SDKROOT = iphoneos;
				SWIFT_ACTIVE_COMPILATION_CONDITIONS = DEBUG;
				SWIFT_OPTIMIZATION_LEVEL = "-Onone";
			};
			name = Debug;
		};
		E779D7CA1FADBBCA00C786EE /* Release */ = {
			isa = XCBuildConfiguration;
			buildSettings = {
				ALWAYS_SEARCH_USER_PATHS = NO;
				CLANG_ANALYZER_NONNULL = YES;
				CLANG_ANALYZER_NUMBER_OBJECT_CONVERSION = YES_AGGRESSIVE;
				CLANG_CXX_LANGUAGE_STANDARD = "gnu++14";
				CLANG_CXX_LIBRARY = "libc++";
				CLANG_ENABLE_MODULES = YES;
				CLANG_ENABLE_OBJC_ARC = YES;
				CLANG_WARN_BLOCK_CAPTURE_AUTORELEASING = YES;
				CLANG_WARN_BOOL_CONVERSION = YES;
				CLANG_WARN_COMMA = YES;
				CLANG_WARN_CONSTANT_CONVERSION = YES;
				CLANG_WARN_DIRECT_OBJC_ISA_USAGE = YES_ERROR;
				CLANG_WARN_DOCUMENTATION_COMMENTS = YES;
				CLANG_WARN_EMPTY_BODY = YES;
				CLANG_WARN_ENUM_CONVERSION = YES;
				CLANG_WARN_INFINITE_RECURSION = YES;
				CLANG_WARN_INT_CONVERSION = YES;
				CLANG_WARN_NON_LITERAL_NULL_CONVERSION = YES;
				CLANG_WARN_OBJC_LITERAL_CONVERSION = YES;
				CLANG_WARN_OBJC_ROOT_CLASS = YES_ERROR;
				CLANG_WARN_RANGE_LOOP_ANALYSIS = YES;
				CLANG_WARN_STRICT_PROTOTYPES = YES;
				CLANG_WARN_SUSPICIOUS_MOVE = YES;
				CLANG_WARN_UNGUARDED_AVAILABILITY = YES_AGGRESSIVE;
				CLANG_WARN_UNREACHABLE_CODE = YES;
				CLANG_WARN__DUPLICATE_METHOD_MATCH = YES;
				CODE_SIGN_IDENTITY = "iPhone Developer";
				COPY_PHASE_STRIP = NO;
				DEBUG_INFORMATION_FORMAT = "dwarf-with-dsym";
				ENABLE_NS_ASSERTIONS = NO;
				ENABLE_STRICT_OBJC_MSGSEND = YES;
				GCC_C_LANGUAGE_STANDARD = gnu11;
				GCC_NO_COMMON_BLOCKS = YES;
				GCC_WARN_64_TO_32_BIT_CONVERSION = YES;
				GCC_WARN_ABOUT_RETURN_TYPE = YES_ERROR;
				GCC_WARN_UNDECLARED_SELECTOR = YES;
				GCC_WARN_UNINITIALIZED_AUTOS = YES_AGGRESSIVE;
				GCC_WARN_UNUSED_FUNCTION = YES;
				GCC_WARN_UNUSED_VARIABLE = YES;
				IPHONEOS_DEPLOYMENT_TARGET = 11.1;
				MTL_ENABLE_DEBUG_INFO = NO;
				SDKROOT = iphoneos;
				SWIFT_OPTIMIZATION_LEVEL = "-Owholemodule";
				VALIDATE_PRODUCT = YES;
			};
			name = Release;
		};
		E779D7CC1FADBBCA00C786EE /* Debug */ = {
			isa = XCBuildConfiguration;
			baseConfigurationReference = F915EFDBAC19EDFC2E2E2CC1 /* Pods-Boozemeter.debug.xcconfig */;
			buildSettings = {
				ASSETCATALOG_COMPILER_APPICON_NAME = AppIcon;
				"CODE_SIGN_IDENTITY[sdk=iphoneos*]" = "iPhone Developer";
				CODE_SIGN_STYLE = Automatic;
				DEVELOPMENT_TEAM = URNH28Q66F;
				INFOPLIST_FILE = Boozemeter/Info.plist;
				IPHONEOS_DEPLOYMENT_TARGET = 10.0;
				LD_RUNPATH_SEARCH_PATHS = "$(inherited) @executable_path/Frameworks";
				PRODUCT_BUNDLE_IDENTIFIER = ua.noblesteam.Boozemeter;
				PRODUCT_NAME = "$(TARGET_NAME)";
				PROVISIONING_PROFILE_SPECIFIER = "";
				SWIFT_VERSION = 4.0;
				TARGETED_DEVICE_FAMILY = 1;
			};
			name = Debug;
		};
		E779D7CD1FADBBCA00C786EE /* Release */ = {
			isa = XCBuildConfiguration;
			baseConfigurationReference = 76EA279798E2FAA8AED2D3C7 /* Pods-Boozemeter.release.xcconfig */;
			buildSettings = {
				ASSETCATALOG_COMPILER_APPICON_NAME = AppIcon;
				"CODE_SIGN_IDENTITY[sdk=iphoneos*]" = "iPhone Developer";
				CODE_SIGN_STYLE = Automatic;
				DEVELOPMENT_TEAM = URNH28Q66F;
				INFOPLIST_FILE = Boozemeter/Info.plist;
				IPHONEOS_DEPLOYMENT_TARGET = 10.0;
				LD_RUNPATH_SEARCH_PATHS = "$(inherited) @executable_path/Frameworks";
				PRODUCT_BUNDLE_IDENTIFIER = ua.noblesteam.Boozemeter;
				PRODUCT_NAME = "$(TARGET_NAME)";
				PROVISIONING_PROFILE_SPECIFIER = "";
				SWIFT_VERSION = 4.0;
				TARGETED_DEVICE_FAMILY = 1;
			};
			name = Release;
		};
/* End XCBuildConfiguration section */

/* Begin XCConfigurationList section */
		E779D7B41FADBBCA00C786EE /* Build configuration list for PBXProject "Boozemeter" */ = {
			isa = XCConfigurationList;
			buildConfigurations = (
				E779D7C91FADBBCA00C786EE /* Debug */,
				E779D7CA1FADBBCA00C786EE /* Release */,
			);
			defaultConfigurationIsVisible = 0;
			defaultConfigurationName = Release;
		};
		E779D7CB1FADBBCA00C786EE /* Build configuration list for PBXNativeTarget "Boozemeter" */ = {
			isa = XCConfigurationList;
			buildConfigurations = (
				E779D7CC1FADBBCA00C786EE /* Debug */,
				E779D7CD1FADBBCA00C786EE /* Release */,
			);
			defaultConfigurationIsVisible = 0;
			defaultConfigurationName = Release;
		};
/* End XCConfigurationList section */
	};
	rootObject = E779D7B11FADBBCA00C786EE /* Project object */;
}
